
Microsoft Visual Studio Solution File, Format Version 12.00
# Visual Studio Version 17
VisualStudioVersion = 17.9.34607.119
MinimumVisualStudioVersion = 10.0.40219.1
Project("{FAE04EC0-301F-11D3-BF4B-00C04F79EFBC}") = "Snake", "Snake.csproj", "{CA41EA9B-4D81-470B-B467-8DA8FE28FEDD}"
EndProject
Global
	GlobalSection(SolutionConfigurationPlatforms) = preSolution
		Debug|Any CPU = Debug|Any CPU
		Release|Any CPU = Release|Any CPU
	EndGlobalSection
	GlobalSection(ProjectConfigurationPlatforms) = postSolution
		{CA41EA9B-4D81-470B-B467-8DA8FE28FEDD}.Debug|Any CPU.ActiveCfg = Debug|Any CPU
		{CA41EA9B-4D81-470B-B467-8DA8FE28FEDD}.Debug|Any CPU.Build.0 = Debug|Any CPU
		{CA41EA9B-4D81-470B-B467-8DA8FE28FEDD}.Release|Any CPU.ActiveCfg = Release|Any CPU
		{CA41EA9B-4D81-470B-B467-8DA8FE28FEDD}.Release|Any CPU.Build.0 = Release|Any CPU
	EndGlobalSection
	GlobalSection(SolutionProperties) = preSolution
		HideSolutionNode = FALSE
	EndGlobalSection
	GlobalSection(ExtensibilityGlobals) = postSolution
		SolutionGuid = {B5115FD9-B517-486D-9627-6707437C7605}
	EndGlobalSection
EndGlobal
