
Microsoft Visual Studio Solution File, Format Version 12.00
# Visual Studio Version 17
VisualStudioVersion = 17.9.34616.47
MinimumVisualStudioVersion = 10.0.40219.1
Project("{FAE04EC0-301F-11D3-BF4B-00C04F79EFBC}") = "Tetris", "Tetris.csproj", "{334128FC-D5A1-4167-9F65-66B60BF42ADB}"
EndProject
Global
	GlobalSection(SolutionConfigurationPlatforms) = preSolution
		Debug|Any CPU = Debug|Any CPU
		Release|Any CPU = Release|Any CPU
	EndGlobalSection
	GlobalSection(ProjectConfigurationPlatforms) = postSolution
		{334128FC-D5A1-4167-9F65-66B60BF42ADB}.Debug|Any CPU.ActiveCfg = Debug|Any CPU
		{334128FC-D5A1-4167-9F65-66B60BF42ADB}.Debug|Any CPU.Build.0 = Debug|Any CPU
		{334128FC-D5A1-4167-9F65-66B60BF42ADB}.Release|Any CPU.ActiveCfg = Release|Any CPU
		{334128FC-D5A1-4167-9F65-66B60BF42ADB}.Release|Any CPU.Build.0 = Release|Any CPU
	EndGlobalSection
	GlobalSection(SolutionProperties) = preSolution
		HideSolutionNode = FALSE
	EndGlobalSection
	GlobalSection(ExtensibilityGlobals) = postSolution
		SolutionGuid = {D7999AAD-E64B-44B6-ADBE-9DB0B3495C95}
	EndGlobalSection
EndGlobal
