
Microsoft Visual Studio Solution File, Format Version 12.00
# Visual Studio Version 17
VisualStudioVersion = 17.9.34622.214
MinimumVisualStudioVersion = 10.0.40219.1
Project("{FAE04EC0-301F-11D3-BF4B-00C04F79EFBC}") = "Tic-Tac-Toe", "Tic-Tac-Toe.csproj", "{801B64F7-99D3-4907-9C76-FE3EC9EFB57B}"
EndProject
Global
	GlobalSection(SolutionConfigurationPlatforms) = preSolution
		Debug|Any CPU = Debug|Any CPU
		Release|Any CPU = Release|Any CPU
	EndGlobalSection
	GlobalSection(ProjectConfigurationPlatforms) = postSolution
		{801B64F7-99D3-4907-9C76-FE3EC9EFB57B}.Debug|Any CPU.ActiveCfg = Debug|Any CPU
		{801B64F7-99D3-4907-9C76-FE3EC9EFB57B}.Debug|Any CPU.Build.0 = Debug|Any CPU
		{801B64F7-99D3-4907-9C76-FE3EC9EFB57B}.Release|Any CPU.ActiveCfg = Release|Any CPU
		{801B64F7-99D3-4907-9C76-FE3EC9EFB57B}.Release|Any CPU.Build.0 = Release|Any CPU
	EndGlobalSection
	GlobalSection(SolutionProperties) = preSolution
		HideSolutionNode = FALSE
	EndGlobalSection
	GlobalSection(ExtensibilityGlobals) = postSolution
		SolutionGuid = {F956DFD5-7A83-497E-A21E-C58A211EBCFB}
	EndGlobalSection
EndGlobal
